// !$*UTF8*$!
{
	archiveVersion = 1;
	classes = {
	};
	objectVersion = 50;
	objects = {

/* Begin PBXBuildFile section */
		42005BA5226DDD6C003250C9 /* LoginVC.swift in Sources */ = {isa = PBXBuildFile; fileRef = 42005BA4226DDD6C003250C9 /* LoginVC.swift */; };
		42005BA7226DF122003250C9 /* forgotPassVC.swift in Sources */ = {isa = PBXBuildFile; fileRef = 42005BA6226DF122003250C9 /* forgotPassVC.swift */; };
		42005BA9226DF30C003250C9 /* registerVC.swift in Sources */ = {isa = PBXBuildFile; fileRef = 42005BA8226DF30C003250C9 /* registerVC.swift */; };
		42005BAE226E0439003250C9 /* SWRevealViewController.m in Sources */ = {isa = PBXBuildFile; fileRef = 42005BAD226E0439003250C9 /* SWRevealViewController.m */; };
		42005BB0226E066C003250C9 /* HomeVC.swift in Sources */ = {isa = PBXBuildFile; fileRef = 42005BAF226E066C003250C9 /* HomeVC.swift */; };
		42005BB2226E0678003250C9 /* SideVC.swift in Sources */ = {isa = PBXBuildFile; fileRef = 42005BB1226E0678003250C9 /* SideVC.swift */; };
		420256FE226C854D00A24AC4 /* AppDelegate.swift in Sources */ = {isa = PBXBuildFile; fileRef = 420256FD226C854D00A24AC4 /* AppDelegate.swift */; };
		42025706226C854D00A24AC4 /* AkcadagZiraatOdasi.xcdatamodeld in Sources */ = {isa = PBXBuildFile; fileRef = 42025704226C854D00A24AC4 /* AkcadagZiraatOdasi.xcdatamodeld */; };
		42025708226C855F00A24AC4 /* Assets.xcassets in Resources */ = {isa = PBXBuildFile; fileRef = 42025707226C855F00A24AC4 /* Assets.xcassets */; };
		4202570B226C855F00A24AC4 /* LaunchScreen.storyboard in Resources */ = {isa = PBXBuildFile; fileRef = 42025709226C855F00A24AC4 /* LaunchScreen.storyboard */; };
		42596B88226F293F00DBD364 /* ContactNavVC.swift in Sources */ = {isa = PBXBuildFile; fileRef = 42596B87226F293F00DBD364 /* ContactNavVC.swift */; };
		42596B8A226F296600DBD364 /* ContactVC.swift in Sources */ = {isa = PBXBuildFile; fileRef = 42596B89226F296600DBD364 /* ContactVC.swift */; };
		42A4032B226DA98A00A4702E /* Main.storyboard in Resources */ = {isa = PBXBuildFile; fileRef = 42A4032A226DA98A00A4702E /* Main.storyboard */; };
		42CF7F76226E0B5200F63E09 /* HomeNavVC.swift in Sources */ = {isa = PBXBuildFile; fileRef = 42CF7F75226E0B5200F63E09 /* HomeNavVC.swift */; };
		42CF7F7B226E47E900F63E09 /* SliderTVC.swift in Sources */ = {isa = PBXBuildFile; fileRef = 42CF7F79226E47E900F63E09 /* SliderTVC.swift */; };
		42CF7F7C226E47E900F63E09 /* SliderTVC.xib in Resources */ = {isa = PBXBuildFile; fileRef = 42CF7F7A226E47E900F63E09 /* SliderTVC.xib */; };
		42CF7F82226E4A9300F63E09 /* img3.jpg in Resources */ = {isa = PBXBuildFile; fileRef = 42CF7F7E226E4A9300F63E09 /* img3.jpg */; };
		42CF7F83226E4A9300F63E09 /* img4.jpg in Resources */ = {isa = PBXBuildFile; fileRef = 42CF7F7F226E4A9300F63E09 /* img4.jpg */; };
		42CF7F84226E4A9300F63E09 /* img1.jpg in Resources */ = {isa = PBXBuildFile; fileRef = 42CF7F80226E4A9300F63E09 /* img1.jpg */; };
		42CF7F85226E4A9300F63E09 /* img2.jpg in Resources */ = {isa = PBXBuildFile; fileRef = 42CF7F81226E4A9300F63E09 /* img2.jpg */; };
		42CF7F88226E529D00F63E09 /* HaberPresentation.swift in Sources */ = {isa = PBXBuildFile; fileRef = 42CF7F87226E529D00F63E09 /* HaberPresentation.swift */; };
		42CF7F8B226E533E00F63E09 /* HaberlerTVC.swift in Sources */ = {isa = PBXBuildFile; fileRef = 42CF7F89226E533E00F63E09 /* HaberlerTVC.swift */; };
		42CF7F8C226E533E00F63E09 /* HaberlerTVC.xib in Resources */ = {isa = PBXBuildFile; fileRef = 42CF7F8A226E533E00F63E09 /* HaberlerTVC.xib */; };
		42EA7483226EF3170051FBAC /* tableViewVC.swift in Sources */ = {isa = PBXBuildFile; fileRef = 42EA7482226EF3170051FBAC /* tableViewVC.swift */; };
		42EA7485226EF3400051FBAC /* tableViewNavVC.swift in Sources */ = {isa = PBXBuildFile; fileRef = 42EA7484226EF3400051FBAC /* tableViewNavVC.swift */; };
		42EA7487226F052F0051FBAC /* GalleryPresentation.swift in Sources */ = {isa = PBXBuildFile; fileRef = 42EA7486226F052F0051FBAC /* GalleryPresentation.swift */; };
		42EA748C226F0A720051FBAC /* GalleryTVC.swift in Sources */ = {isa = PBXBuildFile; fileRef = 42EA748A226F0A720051FBAC /* GalleryTVC.swift */; };
		42EA748D226F0A720051FBAC /* GalleryTVC.xib in Resources */ = {isa = PBXBuildFile; fileRef = 42EA748B226F0A720051FBAC /* GalleryTVC.xib */; };
		42EA7492226F14360051FBAC /* GalleryVC.swift in Sources */ = {isa = PBXBuildFile; fileRef = 42EA7491226F14360051FBAC /* GalleryVC.swift */; };
		42EA7494226F148B0051FBAC /* GalleryNavVC.swift in Sources */ = {isa = PBXBuildFile; fileRef = 42EA7493226F148B0051FBAC /* GalleryNavVC.swift */; };
		42F178D4226DB016009689A4 /* LaunchScreenVC.swift in Sources */ = {isa = PBXBuildFile; fileRef = 42F178D3226DB016009689A4 /* LaunchScreenVC.swift */; };
		A8D8793C4197132050D0C1C4 /* Pods_AkcadagZiraatOdasi.framework in Frameworks */ = {isa = PBXBuildFile; fileRef = 5992F92682BAC69F33EAF304 /* Pods_AkcadagZiraatOdasi.framework */; };
/* End PBXBuildFile section */

/* Begin PBXFileReference section */
		42005BA4226DDD6C003250C9 /* LoginVC.swift */ = {isa = PBXFileReference; lastKnownFileType = sourcecode.swift; path = LoginVC.swift; sourceTree = "<group>"; };
		42005BA6226DF122003250C9 /* forgotPassVC.swift */ = {isa = PBXFileReference; lastKnownFileType = sourcecode.swift; path = forgotPassVC.swift; sourceTree = "<group>"; };
		42005BA8226DF30C003250C9 /* registerVC.swift */ = {isa = PBXFileReference; lastKnownFileType = sourcecode.swift; path = registerVC.swift; sourceTree = "<group>"; };
		42005BAB226E0438003250C9 /* AkcadagZiraatOdasi-Bridging-Header.h */ = {isa = PBXFileReference; lastKnownFileType = sourcecode.c.h; path = "AkcadagZiraatOdasi-Bridging-Header.h"; sourceTree = "<group>"; };
		42005BAC226E0439003250C9 /* SWRevealViewController.h */ = {isa = PBXFileReference; fileEncoding = 4; lastKnownFileType = sourcecode.c.h; path = SWRevealViewController.h; sourceTree = "<group>"; };
		42005BAD226E0439003250C9 /* SWRevealViewController.m */ = {isa = PBXFileReference; fileEncoding = 4; lastKnownFileType = sourcecode.c.objc; path = SWRevealViewController.m; sourceTree = "<group>"; };
		42005BAF226E066C003250C9 /* HomeVC.swift */ = {isa = PBXFileReference; lastKnownFileType = sourcecode.swift; path = HomeVC.swift; sourceTree = "<group>"; };
		42005BB1226E0678003250C9 /* SideVC.swift */ = {isa = PBXFileReference; lastKnownFileType = sourcecode.swift; path = SideVC.swift; sourceTree = "<group>"; };
		420256FA226C854D00A24AC4 /* AkcadagZiraatOdasi.app */ = {isa = PBXFileReference; explicitFileType = wrapper.application; includeInIndex = 0; path = AkcadagZiraatOdasi.app; sourceTree = BUILT_PRODUCTS_DIR; };
		420256FD226C854D00A24AC4 /* AppDelegate.swift */ = {isa = PBXFileReference; lastKnownFileType = sourcecode.swift; path = AppDelegate.swift; sourceTree = "<group>"; };
		42025705226C854D00A24AC4 /* AkcadagZiraatOdasi.xcdatamodel */ = {isa = PBXFileReference; lastKnownFileType = wrapper.xcdatamodel; path = AkcadagZiraatOdasi.xcdatamodel; sourceTree = "<group>"; };
		42025707226C855F00A24AC4 /* Assets.xcassets */ = {isa = PBXFileReference; lastKnownFileType = folder.assetcatalog; path = Assets.xcassets; sourceTree = "<group>"; };
		4202570A226C855F00A24AC4 /* Base */ = {isa = PBXFileReference; lastKnownFileType = file.storyboard; name = Base; path = Base.lproj/LaunchScreen.storyboard; sourceTree = "<group>"; };
		4202570C226C855F00A24AC4 /* Info.plist */ = {isa = PBXFileReference; lastKnownFileType = text.plist.xml; path = Info.plist; sourceTree = "<group>"; };
		42596B87226F293F00DBD364 /* ContactNavVC.swift */ = {isa = PBXFileReference; lastKnownFileType = sourcecode.swift; path = ContactNavVC.swift; sourceTree = "<group>"; };
		42596B89226F296600DBD364 /* ContactVC.swift */ = {isa = PBXFileReference; lastKnownFileType = sourcecode.swift; path = ContactVC.swift; sourceTree = "<group>"; };
		42A4032A226DA98A00A4702E /* Main.storyboard */ = {isa = PBXFileReference; lastKnownFileType = file.storyboard; path = Main.storyboard; sourceTree = "<group>"; };
		42CF7F75226E0B5200F63E09 /* HomeNavVC.swift */ = {isa = PBXFileReference; lastKnownFileType = sourcecode.swift; path = HomeNavVC.swift; sourceTree = "<group>"; };
		42CF7F79226E47E900F63E09 /* SliderTVC.swift */ = {isa = PBXFileReference; lastKnownFileType = sourcecode.swift; path = SliderTVC.swift; sourceTree = "<group>"; };
		42CF7F7A226E47E900F63E09 /* SliderTVC.xib */ = {isa = PBXFileReference; lastKnownFileType = file.xib; path = SliderTVC.xib; sourceTree = "<group>"; };
		42CF7F7E226E4A9300F63E09 /* img3.jpg */ = {isa = PBXFileReference; lastKnownFileType = image.jpeg; path = img3.jpg; sourceTree = "<group>"; };
		42CF7F7F226E4A9300F63E09 /* img4.jpg */ = {isa = PBXFileReference; lastKnownFileType = image.jpeg; path = img4.jpg; sourceTree = "<group>"; };
		42CF7F80226E4A9300F63E09 /* img1.jpg */ = {isa = PBXFileReference; lastKnownFileType = image.jpeg; path = img1.jpg; sourceTree = "<group>"; };
		42CF7F81226E4A9300F63E09 /* img2.jpg */ = {isa = PBXFileReference; lastKnownFileType = image.jpeg; path = img2.jpg; sourceTree = "<group>"; };
		42CF7F87226E529D00F63E09 /* HaberPresentation.swift */ = {isa = PBXFileReference; lastKnownFileType = sourcecode.swift; path = HaberPresentation.swift; sourceTree = "<group>"; };
		42CF7F89226E533E00F63E09 /* HaberlerTVC.swift */ = {isa = PBXFileReference; lastKnownFileType = sourcecode.swift; path = HaberlerTVC.swift; sourceTree = "<group>"; };
		42CF7F8A226E533E00F63E09 /* HaberlerTVC.xib */ = {isa = PBXFileReference; lastKnownFileType = file.xib; path = HaberlerTVC.xib; sourceTree = "<group>"; };
		42EA7482226EF3170051FBAC /* tableViewVC.swift */ = {isa = PBXFileReference; lastKnownFileType = sourcecode.swift; path = tableViewVC.swift; sourceTree = "<group>"; };
		42EA7484226EF3400051FBAC /* tableViewNavVC.swift */ = {isa = PBXFileReference; lastKnownFileType = sourcecode.swift; path = tableViewNavVC.swift; sourceTree = "<group>"; };
		42EA7486226F052F0051FBAC /* GalleryPresentation.swift */ = {isa = PBXFileReference; lastKnownFileType = sourcecode.swift; path = GalleryPresentation.swift; sourceTree = "<group>"; };
		42EA748A226F0A720051FBAC /* GalleryTVC.swift */ = {isa = PBXFileReference; lastKnownFileType = sourcecode.swift; path = GalleryTVC.swift; sourceTree = "<group>"; };
		42EA748B226F0A720051FBAC /* GalleryTVC.xib */ = {isa = PBXFileReference; lastKnownFileType = file.xib; path = GalleryTVC.xib; sourceTree = "<group>"; };
		42EA7491226F14360051FBAC /* GalleryVC.swift */ = {isa = PBXFileReference; lastKnownFileType = sourcecode.swift; path = GalleryVC.swift; sourceTree = "<group>"; };
		42EA7493226F148B0051FBAC /* GalleryNavVC.swift */ = {isa = PBXFileReference; lastKnownFileType = sourcecode.swift; path = GalleryNavVC.swift; sourceTree = "<group>"; };
		42F178D3226DB016009689A4 /* LaunchScreenVC.swift */ = {isa = PBXFileReference; lastKnownFileType = sourcecode.swift; path = LaunchScreenVC.swift; sourceTree = "<group>"; };
		5992F92682BAC69F33EAF304 /* Pods_AkcadagZiraatOdasi.framework */ = {isa = PBXFileReference; explicitFileType = wrapper.framework; includeInIndex = 0; path = Pods_AkcadagZiraatOdasi.framework; sourceTree = BUILT_PRODUCTS_DIR; };
		6DF726510A9945C48FF38754 /* Pods-AkcadagZiraatOdasi.debug.xcconfig */ = {isa = PBXFileReference; includeInIndex = 1; lastKnownFileType = text.xcconfig; name = "Pods-AkcadagZiraatOdasi.debug.xcconfig"; path = "Pods/Target Support Files/Pods-AkcadagZiraatOdasi/Pods-AkcadagZiraatOdasi.debug.xcconfig"; sourceTree = "<group>"; };
		9CB7CF5D8363BC649EED33C9 /* Pods-AkcadagZiraatOdasi.release.xcconfig */ = {isa = PBXFileReference; includeInIndex = 1; lastKnownFileType = text.xcconfig; name = "Pods-AkcadagZiraatOdasi.release.xcconfig"; path = "Pods/Target Support Files/Pods-AkcadagZiraatOdasi/Pods-AkcadagZiraatOdasi.release.xcconfig"; sourceTree = "<group>"; };
/* End PBXFileReference section */

/* Begin PBXFrameworksBuildPhase section */
		420256F7226C854D00A24AC4 /* Frameworks */ = {
			isa = PBXFrameworksBuildPhase;
			buildActionMask = 2147483647;
			files = (
				A8D8793C4197132050D0C1C4 /* Pods_AkcadagZiraatOdasi.framework in Frameworks */,
			);
			runOnlyForDeploymentPostprocessing = 0;
		};
/* End PBXFrameworksBuildPhase section */

/* Begin PBXGroup section */
		42005BAA226DF50D003250C9 /* Authentication */ = {
			isa = PBXGroup;
			children = (
				42005BA4226DDD6C003250C9 /* LoginVC.swift */,
				42005BA8226DF30C003250C9 /* registerVC.swift */,
				42005BA6226DF122003250C9 /* forgotPassVC.swift */,
			);
			path = Authentication;
			sourceTree = "<group>";
		};
		420256F1226C854C00A24AC4 = {
			isa = PBXGroup;
			children = (
				420256FC226C854D00A24AC4 /* AkcadagZiraatOdasi */,
				420256FB226C854D00A24AC4 /* Products */,
				6A3E8EB1F2F5A818DEC9C160 /* Pods */,
				DB7A6BB3E92C55CD6F3450A4 /* Frameworks */,
			);
			sourceTree = "<group>";
		};
		420256FB226C854D00A24AC4 /* Products */ = {
			isa = PBXGroup;
			children = (
				420256FA226C854D00A24AC4 /* AkcadagZiraatOdasi.app */,
			);
			name = Products;
			sourceTree = "<group>";
		};
		420256FC226C854D00A24AC4 /* AkcadagZiraatOdasi */ = {
			isa = PBXGroup;
			children = (
				42025714226C861500A24AC4 /* View */,
				42025713226C860A00A24AC4 /* Model */,
				42025712226C85F700A24AC4 /* Support */,
				4202570C226C855F00A24AC4 /* Info.plist */,
			);
			path = AkcadagZiraatOdasi;
			sourceTree = "<group>";
		};
		42025712226C85F700A24AC4 /* Support */ = {
			isa = PBXGroup;
			children = (
				420256FD226C854D00A24AC4 /* AppDelegate.swift */,
				42005BAC226E0439003250C9 /* SWRevealViewController.h */,
				42005BAD226E0439003250C9 /* SWRevealViewController.m */,
				42025707226C855F00A24AC4 /* Assets.xcassets */,
				42025709226C855F00A24AC4 /* LaunchScreen.storyboard */,
				42025704226C854D00A24AC4 /* AkcadagZiraatOdasi.xcdatamodeld */,
				42005BAB226E0438003250C9 /* AkcadagZiraatOdasi-Bridging-Header.h */,
			);
			path = Support;
			sourceTree = "<group>";
		};
		42025713226C860A00A24AC4 /* Model */ = {
			isa = PBXGroup;
			children = (
				42CF7F87226E529D00F63E09 /* HaberPresentation.swift */,
				42EA7486226F052F0051FBAC /* GalleryPresentation.swift */,
			);
			path = Model;
			sourceTree = "<group>";
		};
		42025714226C861500A24AC4 /* View */ = {
			isa = PBXGroup;
			children = (
				42A4032A226DA98A00A4702E /* Main.storyboard */,
				42CF7F80226E4A9300F63E09 /* img1.jpg */,
				42CF7F81226E4A9300F63E09 /* img2.jpg */,
				42CF7F7E226E4A9300F63E09 /* img3.jpg */,
				42CF7F7F226E4A9300F63E09 /* img4.jpg */,
				42F178D3226DB016009689A4 /* LaunchScreenVC.swift */,
				42005BAF226E066C003250C9 /* HomeVC.swift */,
				42770D3C226F5F530097472A /* İletişim */,
				42EA748E226F0CEA0051FBAC /* HaberlerView */,
				42EA748F226F0D060051FBAC /* GalleryView */,
				42EA7490226F0D170051FBAC /* Slider */,
				42CF7F75226E0B5200F63E09 /* HomeNavVC.swift */,
				42005BB1226E0678003250C9 /* SideVC.swift */,
				42005BAA226DF50D003250C9 /* Authentication */,
			);
			name = View;
			path = "New Group";
			sourceTree = "<group>";
		};
		42770D3C226F5F530097472A /* İletişim */ = {
			isa = PBXGroup;
			children = (
				42596B87226F293F00DBD364 /* ContactNavVC.swift */,
				42596B89226F296600DBD364 /* ContactVC.swift */,
			);
			name = "İletişim";
			path = "İletişim";
			sourceTree = "<group>";
		};
		42EA748E226F0CEA0051FBAC /* HaberlerView */ = {
			isa = PBXGroup;
			children = (
				42CF7F89226E533E00F63E09 /* HaberlerTVC.swift */,
				42CF7F8A226E533E00F63E09 /* HaberlerTVC.xib */,
				42EA7482226EF3170051FBAC /* tableViewVC.swift */,
				42EA7484226EF3400051FBAC /* tableViewNavVC.swift */,
			);
			path = HaberlerView;
			sourceTree = "<group>";
		};
		42EA748F226F0D060051FBAC /* GalleryView */ = {
			isa = PBXGroup;
			children = (
				42EA748A226F0A720051FBAC /* GalleryTVC.swift */,
				42EA748B226F0A720051FBAC /* GalleryTVC.xib */,
				42EA7491226F14360051FBAC /* GalleryVC.swift */,
				42EA7493226F148B0051FBAC /* GalleryNavVC.swift */,
			);
			path = GalleryView;
			sourceTree = "<group>";
		};
		42EA7490226F0D170051FBAC /* Slider */ = {
			isa = PBXGroup;
			children = (
				42CF7F79226E47E900F63E09 /* SliderTVC.swift */,
				42CF7F7A226E47E900F63E09 /* SliderTVC.xib */,
			);
			path = Slider;
			sourceTree = "<group>";
		};
		6A3E8EB1F2F5A818DEC9C160 /* Pods */ = {
			isa = PBXGroup;
			children = (
				6DF726510A9945C48FF38754 /* Pods-AkcadagZiraatOdasi.debug.xcconfig */,
				9CB7CF5D8363BC649EED33C9 /* Pods-AkcadagZiraatOdasi.release.xcconfig */,
			);
			name = Pods;
			sourceTree = "<group>";
		};
		DB7A6BB3E92C55CD6F3450A4 /* Frameworks */ = {
			isa = PBXGroup;
			children = (
				5992F92682BAC69F33EAF304 /* Pods_AkcadagZiraatOdasi.framework */,
			);
			name = Frameworks;
			sourceTree = "<group>";
		};
/* End PBXGroup section */

/* Begin PBXNativeTarget section */
		420256F9226C854D00A24AC4 /* AkcadagZiraatOdasi */ = {
			isa = PBXNativeTarget;
			buildConfigurationList = 4202570F226C855F00A24AC4 /* Build configuration list for PBXNativeTarget "AkcadagZiraatOdasi" */;
			buildPhases = (
				33DDE21380F9A90DDB9B1FEE /* [CP] Check Pods Manifest.lock */,
				420256F6226C854D00A24AC4 /* Sources */,
				420256F7226C854D00A24AC4 /* Frameworks */,
				420256F8226C854D00A24AC4 /* Resources */,
				B0DE6A361F6C32AB9C677CB7 /* [CP] Embed Pods Frameworks */,
			);
			buildRules = (
			);
			dependencies = (
			);
			name = AkcadagZiraatOdasi;
			productName = AkcadagZiraatOdasi;
			productReference = 420256FA226C854D00A24AC4 /* AkcadagZiraatOdasi.app */;
			productType = "com.apple.product-type.application";
		};
/* End PBXNativeTarget section */

/* Begin PBXProject section */
		420256F2226C854C00A24AC4 /* Project object */ = {
			isa = PBXProject;
			attributes = {
				LastSwiftUpdateCheck = 1010;
				LastUpgradeCheck = 1010;
				ORGANIZATIONNAME = Freelance;
				TargetAttributes = {
					420256F9226C854D00A24AC4 = {
						CreatedOnToolsVersion = 10.1;
						LastSwiftMigration = 1010;
						SystemCapabilities = {
							com.apple.BackgroundModes = {
								enabled = 1;
							};
						};
					};
				};
			};
			buildConfigurationList = 420256F5226C854C00A24AC4 /* Build configuration list for PBXProject "AkcadagZiraatOdasi" */;
			compatibilityVersion = "Xcode 9.3";
			developmentRegion = en;
			hasScannedForEncodings = 0;
			knownRegions = (
				en,
				Base,
			);
			mainGroup = 420256F1226C854C00A24AC4;
			productRefGroup = 420256FB226C854D00A24AC4 /* Products */;
			projectDirPath = "";
			projectRoot = "";
			targets = (
				420256F9226C854D00A24AC4 /* AkcadagZiraatOdasi */,
			);
		};
/* End PBXProject section */

/* Begin PBXResourcesBuildPhase section */
		420256F8226C854D00A24AC4 /* Resources */ = {
			isa = PBXResourcesBuildPhase;
			buildActionMask = 2147483647;
			files = (
				4202570B226C855F00A24AC4 /* LaunchScreen.storyboard in Resources */,
				42CF7F82226E4A9300F63E09 /* img3.jpg in Resources */,
				42EA748D226F0A720051FBAC /* GalleryTVC.xib in Resources */,
				42CF7F84226E4A9300F63E09 /* img1.jpg in Resources */,
				42A4032B226DA98A00A4702E /* Main.storyboard in Resources */,
				42CF7F7C226E47E900F63E09 /* SliderTVC.xib in Resources */,
				42CF7F83226E4A9300F63E09 /* img4.jpg in Resources */,
				42CF7F85226E4A9300F63E09 /* img2.jpg in Resources */,
				42CF7F8C226E533E00F63E09 /* HaberlerTVC.xib in Resources */,
				42025708226C855F00A24AC4 /* Assets.xcassets in Resources */,
			);
			runOnlyForDeploymentPostprocessing = 0;
		};
/* End PBXResourcesBuildPhase section */

/* Begin PBXShellScriptBuildPhase section */
		33DDE21380F9A90DDB9B1FEE /* [CP] Check Pods Manifest.lock */ = {
			isa = PBXShellScriptBuildPhase;
			buildActionMask = 2147483647;
			files = (
			);
			inputPaths = (
				"${PODS_PODFILE_DIR_PATH}/Podfile.lock",
				"${PODS_ROOT}/Manifest.lock",
			);
			name = "[CP] Check Pods Manifest.lock";
			outputPaths = (
				"$(DERIVED_FILE_DIR)/Pods-AkcadagZiraatOdasi-checkManifestLockResult.txt",
			);
			runOnlyForDeploymentPostprocessing = 0;
			shellPath = /bin/sh;
			shellScript = "diff \"${PODS_PODFILE_DIR_PATH}/Podfile.lock\" \"${PODS_ROOT}/Manifest.lock\" > /dev/null\nif [ $? != 0 ] ; then\n    # print error to STDERR\n    echo \"error: The sandbox is not in sync with the Podfile.lock. Run 'pod install' or update your CocoaPods installation.\" >&2\n    exit 1\nfi\n# This output is used by Xcode 'outputs' to avoid re-running this script phase.\necho \"SUCCESS\" > \"${SCRIPT_OUTPUT_FILE_0}\"\n";
			showEnvVarsInLog = 0;
		};
		B0DE6A361F6C32AB9C677CB7 /* [CP] Embed Pods Frameworks */ = {
			isa = PBXShellScriptBuildPhase;
			buildActionMask = 2147483647;
			files = (
			);
			inputPaths = (
				"${SRCROOT}/Pods/Target Support Files/Pods-AkcadagZiraatOdasi/Pods-AkcadagZiraatOdasi-frameworks.sh",
				"${BUILT_PRODUCTS_DIR}/Alamofire/Alamofire.framework",
				"${BUILT_PRODUCTS_DIR}/Alamofire-SwiftyJSON/Alamofire_SwiftyJSON.framework",
				"${BUILT_PRODUCTS_DIR}/ImageSlideshow/ImageSlideshow.framework",
				"${BUILT_PRODUCTS_DIR}/Kingfisher/Kingfisher.framework",
				"${BUILT_PRODUCTS_DIR}/SVProgressHUD/SVProgressHUD.framework",
				"${BUILT_PRODUCTS_DIR}/SwiftyJSON/SwiftyJSON.framework",
				"${BUILT_PRODUCTS_DIR}/TinyConstraints/TinyConstraints.framework",
			);
			name = "[CP] Embed Pods Frameworks";
			outputPaths = (
				"${TARGET_BUILD_DIR}/${FRAMEWORKS_FOLDER_PATH}/Alamofire.framework",
				"${TARGET_BUILD_DIR}/${FRAMEWORKS_FOLDER_PATH}/Alamofire_SwiftyJSON.framework",
				"${TARGET_BUILD_DIR}/${FRAMEWORKS_FOLDER_PATH}/ImageSlideshow.framework",
				"${TARGET_BUILD_DIR}/${FRAMEWORKS_FOLDER_PATH}/Kingfisher.framework",
				"${TARGET_BUILD_DIR}/${FRAMEWORKS_FOLDER_PATH}/SVProgressHUD.framework",
				"${TARGET_BUILD_DIR}/${FRAMEWORKS_FOLDER_PATH}/SwiftyJSON.framework",
				"${TARGET_BUILD_DIR}/${FRAMEWORKS_FOLDER_PATH}/TinyConstraints.framework",
			);
			runOnlyForDeploymentPostprocessing = 0;
			shellPath = /bin/sh;
			shellScript = "\"${SRCROOT}/Pods/Target Support Files/Pods-AkcadagZiraatOdasi/Pods-AkcadagZiraatOdasi-frameworks.sh\"\n";
			showEnvVarsInLog = 0;
		};
/* End PBXShellScriptBuildPhase section */

/* Begin PBXSourcesBuildPhase section */
		420256F6226C854D00A24AC4 /* Sources */ = {
			isa = PBXSourcesBuildPhase;
			buildActionMask = 2147483647;
			files = (
				42EA7487226F052F0051FBAC /* GalleryPresentation.swift in Sources */,
				42EA7483226EF3170051FBAC /* tableViewVC.swift in Sources */,
				42CF7F88226E529D00F63E09 /* HaberPresentation.swift in Sources */,
				42005BA7226DF122003250C9 /* forgotPassVC.swift in Sources */,
				42005BA9226DF30C003250C9 /* registerVC.swift in Sources */,
				42025706226C854D00A24AC4 /* AkcadagZiraatOdasi.xcdatamodeld in Sources */,
				42005BB2226E0678003250C9 /* SideVC.swift in Sources */,
				42EA7492226F14360051FBAC /* GalleryVC.swift in Sources */,
				42EA7485226EF3400051FBAC /* tableViewNavVC.swift in Sources */,
				42CF7F8B226E533E00F63E09 /* HaberlerTVC.swift in Sources */,
				42005BB0226E066C003250C9 /* HomeVC.swift in Sources */,
				42005BAE226E0439003250C9 /* SWRevealViewController.m in Sources */,
				42596B8A226F296600DBD364 /* ContactVC.swift in Sources */,
				42CF7F7B226E47E900F63E09 /* SliderTVC.swift in Sources */,
				42CF7F76226E0B5200F63E09 /* HomeNavVC.swift in Sources */,
				420256FE226C854D00A24AC4 /* AppDelegate.swift in Sources */,
				42EA748C226F0A720051FBAC /* GalleryTVC.swift in Sources */,
				42F178D4226DB016009689A4 /* LaunchScreenVC.swift in Sources */,
				42005BA5226DDD6C003250C9 /* LoginVC.swift in Sources */,
				42EA7494226F148B0051FBAC /* GalleryNavVC.swift in Sources */,
				42596B88226F293F00DBD364 /* ContactNavVC.swift in Sources */,
			);
			runOnlyForDeploymentPostprocessing = 0;
		};
/* End PBXSourcesBuildPhase section */

/* Begin PBXVariantGroup section */
		42025709226C855F00A24AC4 /* LaunchScreen.storyboard */ = {
			isa = PBXVariantGroup;
			children = (
				4202570A226C855F00A24AC4 /* Base */,
			);
			name = LaunchScreen.storyboard;
			sourceTree = "<group>";
		};
/* End PBXVariantGroup section */

/* Begin XCBuildConfiguration section */
		4202570D226C855F00A24AC4 /* Debug */ = {
			isa = XCBuildConfiguration;
			buildSettings = {
				ALWAYS_SEARCH_USER_PATHS = NO;
				CLANG_ANALYZER_NONNULL = YES;
				CLANG_ANALYZER_NUMBER_OBJECT_CONVERSION = YES_AGGRESSIVE;
				CLANG_CXX_LANGUAGE_STANDARD = "gnu++14";
				CLANG_CXX_LIBRARY = "libc++";
				CLANG_ENABLE_MODULES = YES;
				CLANG_ENABLE_OBJC_ARC = YES;
				CLANG_ENABLE_OBJC_WEAK = YES;
				CLANG_WARN_BLOCK_CAPTURE_AUTORELEASING = YES;
				CLANG_WARN_BOOL_CONVERSION = YES;
				CLANG_WARN_COMMA = YES;
				CLANG_WARN_CONSTANT_CONVERSION = YES;
				CLANG_WARN_DEPRECATED_OBJC_IMPLEMENTATIONS = YES;
				CLANG_WARN_DIRECT_OBJC_ISA_USAGE = YES_ERROR;
				CLANG_WARN_DOCUMENTATION_COMMENTS = YES;
				CLANG_WARN_EMPTY_BODY = YES;
				CLANG_WARN_ENUM_CONVERSION = YES;
				CLANG_WARN_INFINITE_RECURSION = YES;
				CLANG_WARN_INT_CONVERSION = YES;
				CLANG_WARN_NON_LITERAL_NULL_CONVERSION = YES;
				CLANG_WARN_OBJC_IMPLICIT_RETAIN_SELF = YES;
				CLANG_WARN_OBJC_LITERAL_CONVERSION = YES;
				CLANG_WARN_OBJC_ROOT_CLASS = YES_ERROR;
				CLANG_WARN_RANGE_LOOP_ANALYSIS = YES;
				CLANG_WARN_STRICT_PROTOTYPES = YES;
				CLANG_WARN_SUSPICIOUS_MOVE = YES;
				CLANG_WARN_UNGUARDED_AVAILABILITY = YES_AGGRESSIVE;
				CLANG_WARN_UNREACHABLE_CODE = YES;
				CLANG_WARN__DUPLICATE_METHOD_MATCH = YES;
				CODE_SIGN_IDENTITY = "iPhone Developer";
				COPY_PHASE_STRIP = NO;
				DEBUG_INFORMATION_FORMAT = dwarf;
				ENABLE_STRICT_OBJC_MSGSEND = YES;
				ENABLE_TESTABILITY = YES;
				GCC_C_LANGUAGE_STANDARD = gnu11;
				GCC_DYNAMIC_NO_PIC = NO;
				GCC_NO_COMMON_BLOCKS = YES;
				GCC_OPTIMIZATION_LEVEL = 0;
				GCC_PREPROCESSOR_DEFINITIONS = (
					"DEBUG=1",
					"$(inherited)",
				);
				GCC_WARN_64_TO_32_BIT_CONVERSION = YES;
				GCC_WARN_ABOUT_RETURN_TYPE = YES_ERROR;
				GCC_WARN_UNDECLARED_SELECTOR = YES;
				GCC_WARN_UNINITIALIZED_AUTOS = YES_AGGRESSIVE;
				GCC_WARN_UNUSED_FUNCTION = YES;
				GCC_WARN_UNUSED_VARIABLE = YES;
				IPHONEOS_DEPLOYMENT_TARGET = 12.1;
				MTL_ENABLE_DEBUG_INFO = INCLUDE_SOURCE;
				MTL_FAST_MATH = YES;
				ONLY_ACTIVE_ARCH = YES;
				SDKROOT = iphoneos;
				SWIFT_ACTIVE_COMPILATION_CONDITIONS = DEBUG;
				SWIFT_OPTIMIZATION_LEVEL = "-Onone";
			};
			name = Debug;
		};
		4202570E226C855F00A24AC4 /* Release */ = {
			isa = XCBuildConfiguration;
			buildSettings = {
				ALWAYS_SEARCH_USER_PATHS = NO;
				CLANG_ANALYZER_NONNULL = YES;
				CLANG_ANALYZER_NUMBER_OBJECT_CONVERSION = YES_AGGRESSIVE;
				CLANG_CXX_LANGUAGE_STANDARD = "gnu++14";
				CLANG_CXX_LIBRARY = "libc++";
				CLANG_ENABLE_MODULES = YES;
				CLANG_ENABLE_OBJC_ARC = YES;
				CLANG_ENABLE_OBJC_WEAK = YES;
				CLANG_WARN_BLOCK_CAPTURE_AUTORELEASING = YES;
				CLANG_WARN_BOOL_CONVERSION = YES;
				CLANG_WARN_COMMA = YES;
				CLANG_WARN_CONSTANT_CONVERSION = YES;
				CLANG_WARN_DEPRECATED_OBJC_IMPLEMENTATIONS = YES;
				CLANG_WARN_DIRECT_OBJC_ISA_USAGE = YES_ERROR;
				CLANG_WARN_DOCUMENTATION_COMMENTS = YES;
				CLANG_WARN_EMPTY_BODY = YES;
				CLANG_WARN_ENUM_CONVERSION = YES;
				CLANG_WARN_INFINITE_RECURSION = YES;
				CLANG_WARN_INT_CONVERSION = YES;
				CLANG_WARN_NON_LITERAL_NULL_CONVERSION = YES;
				CLANG_WARN_OBJC_IMPLICIT_RETAIN_SELF = YES;
				CLANG_WARN_OBJC_LITERAL_CONVERSION = YES;
				CLANG_WARN_OBJC_ROOT_CLASS = YES_ERROR;
				CLANG_WARN_RANGE_LOOP_ANALYSIS = YES;
				CLANG_WARN_STRICT_PROTOTYPES = YES;
				CLANG_WARN_SUSPICIOUS_MOVE = YES;
				CLANG_WARN_UNGUARDED_AVAILABILITY = YES_AGGRESSIVE;
				CLANG_WARN_UNREACHABLE_CODE = YES;
				CLANG_WARN__DUPLICATE_METHOD_MATCH = YES;
				CODE_SIGN_IDENTITY = "iPhone Developer";
				COPY_PHASE_STRIP = NO;
				DEBUG_INFORMATION_FORMAT = "dwarf-with-dsym";
				ENABLE_NS_ASSERTIONS = NO;
				ENABLE_STRICT_OBJC_MSGSEND = YES;
				GCC_C_LANGUAGE_STANDARD = gnu11;
				GCC_NO_COMMON_BLOCKS = YES;
				GCC_WARN_64_TO_32_BIT_CONVERSION = YES;
				GCC_WARN_ABOUT_RETURN_TYPE = YES_ERROR;
				GCC_WARN_UNDECLARED_SELECTOR = YES;
				GCC_WARN_UNINITIALIZED_AUTOS = YES_AGGRESSIVE;
				GCC_WARN_UNUSED_FUNCTION = YES;
				GCC_WARN_UNUSED_VARIABLE = YES;
				IPHONEOS_DEPLOYMENT_TARGET = 12.1;
				MTL_ENABLE_DEBUG_INFO = NO;
				MTL_FAST_MATH = YES;
				SDKROOT = iphoneos;
				SWIFT_COMPILATION_MODE = wholemodule;
				SWIFT_OPTIMIZATION_LEVEL = "-O";
				VALIDATE_PRODUCT = YES;
			};
			name = Release;
		};
		42025710226C855F00A24AC4 /* Debug */ = {
			isa = XCBuildConfiguration;
			baseConfigurationReference = 6DF726510A9945C48FF38754 /* Pods-AkcadagZiraatOdasi.debug.xcconfig */;
			buildSettings = {
				ASSETCATALOG_COMPILER_APPICON_NAME = AppIcon;
				CLANG_ENABLE_MODULES = YES;
				CODE_SIGN_IDENTITY = "iPhone Developer";
				CODE_SIGN_STYLE = Automatic;
				DEVELOPMENT_TEAM = HNB7BY48WV;
				INFOPLIST_FILE = AkcadagZiraatOdasi/Info.plist;
				LD_RUNPATH_SEARCH_PATHS = (
					"$(inherited)",
					"@executable_path/Frameworks",
				);
				PRODUCT_BUNDLE_IDENTIFIER = com.Freelance.AkcadagZiraatOdasi;
				PRODUCT_NAME = "$(TARGET_NAME)";
				PROVISIONING_PROFILE_SPECIFIER = "";
				SWIFT_OBJC_BRIDGING_HEADER = "AkcadagZiraatOdasi/Support/AkcadagZiraatOdasi-Bridging-Header.h";
				SWIFT_OPTIMIZATION_LEVEL = "-Onone";
				SWIFT_VERSION = 4.2;
				TARGETED_DEVICE_FAMILY = "1,2";
			};
			name = Debug;
		};
		42025711226C855F00A24AC4 /* Release */ = {
			isa = XCBuildConfiguration;
			baseConfigurationReference = 9CB7CF5D8363BC649EED33C9 /* Pods-AkcadagZiraatOdasi.release.xcconfig */;
			buildSettings = {
				ASSETCATALOG_COMPILER_APPICON_NAME = AppIcon;
				CLANG_ENABLE_MODULES = YES;
				CODE_SIGN_IDENTITY = "iPhone Developer";
				CODE_SIGN_STYLE = Automatic;
				DEVELOPMENT_TEAM = HNB7BY48WV;
				INFOPLIST_FILE = AkcadagZiraatOdasi/Info.plist;
				LD_RUNPATH_SEARCH_PATHS = (
					"$(inherited)",
					"@executable_path/Frameworks",
				);
				PRODUCT_BUNDLE_IDENTIFIER = com.Freelance.AkcadagZiraatOdasi;
				PRODUCT_NAME = "$(TARGET_NAME)";
				PROVISIONING_PROFILE_SPECIFIER = "";
				SWIFT_OBJC_BRIDGING_HEADER = "AkcadagZiraatOdasi/Support/AkcadagZiraatOdasi-Bridging-Header.h";
				SWIFT_VERSION = 4.2;
				TARGETED_DEVICE_FAMILY = "1,2";
			};
			name = Release;
		};
/* End XCBuildConfiguration section */

/* Begin XCConfigurationList section */
		420256F5226C854C00A24AC4 /* Build configuration list for PBXProject "AkcadagZiraatOdasi" */ = {
			isa = XCConfigurationList;
			buildConfigurations = (
				4202570D226C855F00A24AC4 /* Debug */,
				4202570E226C855F00A24AC4 /* Release */,
			);
			defaultConfigurationIsVisible = 0;
			defaultConfigurationName = Release;
		};
		4202570F226C855F00A24AC4 /* Build configuration list for PBXNativeTarget "AkcadagZiraatOdasi" */ = {
			isa = XCConfigurationList;
			buildConfigurations = (
				42025710226C855F00A24AC4 /* Debug */,
				42025711226C855F00A24AC4 /* Release */,
			);
			defaultConfigurationIsVisible = 0;
			defaultConfigurationName = Release;
		};
/* End XCConfigurationList section */

/* Begin XCVersionGroup section */
		42025704226C854D00A24AC4 /* AkcadagZiraatOdasi.xcdatamodeld */ = {
			isa = XCVersionGroup;
			children = (
				42025705226C854D00A24AC4 /* AkcadagZiraatOdasi.xcdatamodel */,
			);
			currentVersion = 42025705226C854D00A24AC4 /* AkcadagZiraatOdasi.xcdatamodel */;
			path = AkcadagZiraatOdasi.xcdatamodeld;
			sourceTree = "<group>";
			versionGroupType = wrapper.xcdatamodel;
		};
/* End XCVersionGroup section */
	};
	rootObject = 420256F2226C854C00A24AC4 /* Project object */;
}
